
Microsoft Visual Studio Solution File, Format Version 12.00
# Visual Studio Version 17
VisualStudioVersion = 17.0.31919.166
MinimumVisualStudioVersion = 10.0.40219.1
Project("{8BC9CEB8-8B4A-11D0-8D11-00A0C91BC942}") = "RayStarter", "RayStarter\RayStarter.vcxproj", "{61D2052C-B255-4AE5-91C0-A037ABAEA15D}"
EndProject
Project("{8BC9CEB8-8B4A-11D0-8D11-00A0C91BC942}") = "FrameworkTests", "FrameworkTests\FrameworkTests.vcxproj", "{CFA0A094-0336-463C-A685-F36945266B7A}"
EndProject
Global
	GlobalSection(SolutionConfigurationPlatforms) = preSolution
		Debug|x64 = Debug|x64
		Debug|x86 = Debug|x86
		Release|x64 = Release|x64
		Release|x86 = Release|x86
	EndGlobalSection
	GlobalSection(ProjectConfigurationPlatforms) = postSolution
		{61D2052C-B255-4AE5-91C0-A037ABAEA15D}.Debug|x64.ActiveCfg = Debug|x64
		{61D2052C-B255-4AE5-91C0-A037ABAEA15D}.Debug|x64.Build.0 = Debug|x64
		{61D2052C-B255-4AE5-91C0-A037ABAEA15D}.Debug|x86.ActiveCfg = Debug|Win32
		{61D2052C-B255-4AE5-91C0-A037ABAEA15D}.Debug|x86.Build.0 = Debug|Win32
		{61D2052C-B255-4AE5-91C0-A037ABAEA15D}.Release|x64.ActiveCfg = Release|x64
		{61D2052C-B255-4AE5-91C0-A037ABAEA15D}.Release|x64.Build.0 = Release|x64
		{61D2052C-B255-4AE5-91C0-A037ABAEA15D}.Release|x86.ActiveCfg = Release|Win32
		{61D2052C-B255-4AE5-91C0-A037ABAEA15D}.Release|x86.Build.0 = Release|Win32
		{CFA0A094-0336-463C-A685-F36945266B7A}.Debug|x64.ActiveCfg = Debug|x64
		{CFA0A094-0336-463C-A685-F36945266B7A}.Debug|x64.Build.0 = Debug|x64
		{CFA0A094-0336-463C-A685-F36945266B7A}.Debug|x86.ActiveCfg = Debug|Win32
		{CFA0A094-0336-463C-A685-F36945266B7A}.Debug|x86.Build.0 = Debug|Win32
		{CFA0A094-0336-463C-A685-F36945266B7A}.Release|x64.ActiveCfg = Release|x64
		{CFA0A094-0336-463C-A685-F36945266B7A}.Release|x64.Build.0 = Release|x64
		{CFA0A094-0336-463C-A685-F36945266B7A}.Release|x86.ActiveCfg = Release|Win32
		{CFA0A094-0336-463C-A685-F36945266B7A}.Release|x86.Build.0 = Release|Win32
	EndGlobalSection
	GlobalSection(SolutionProperties) = preSolution
		HideSolutionNode = FALSE
	EndGlobalSection
	GlobalSection(ExtensibilityGlobals) = postSolution
		SolutionGuid = {EBC04BBF-479A-4549-A54F-982BB7D9720D}
	EndGlobalSection
EndGlobal
